
Microsoft Visual Studio Solution File, Format Version 12.00
# Visual Studio Version 17
VisualStudioVersion = 17.0.31903.59
MinimumVisualStudioVersion = 10.0.40219.1
Project("{2150E333-8FDC-42A3-9474-1A3956D46DE8}") = "src", "src", "{A1B2C3D4-0001-0000-0000-000000000001}"
EndProject
Project("{2150E333-8FDC-42A3-9474-1A3956D46DE8}") = "tests", "tests", "{A1B2C3D4-0002-0000-0000-000000000001}"
EndProject
Project("{FAE04EC0-301F-11D3-BF4B-00C04F79EFBC}") = "Homeless.API", "src\API\Homeless.API\Homeless.API.csproj", "{F77BF8A6-59E8-40EE-8AA8-46E5729E7E38}"
EndProject
Project("{FAE04EC0-301F-11D3-BF4B-00C04F79EFBC}") = "Homeless.Application", "src\API\Homeless.Application\Homeless.Application.csproj", "{A10D91AE-B4DD-48E3-9800-C1BE0095E308}"
EndProject
Project("{FAE04EC0-301F-11D3-BF4B-00C04F79EFBC}") = "Homeless.Domain", "src\API\Homeless.Domain\Homeless.Domain.csproj", "{BE85E46C-EB3B-461F-B50E-F752AAE05ADF}"
EndProject
Project("{FAE04EC0-301F-11D3-BF4B-00C04F79EFBC}") = "Homeless.Infrastructure", "src\API\Homeless.Infrastructure\Homeless.Infrastructure.csproj", "{DA370C31-197A-4B62-B292-A1F982335F03}"
EndProject
Project("{FAE04EC0-301F-11D3-BF4B-00C04F79EFBC}") = "Homeless.Worker", "src\WORKERS\Homeless.Worker\Homeless.Worker.csproj", "{C2E138D4-24D6-4ED8-91A4-B10A2A2D3E55}"
EndProject
Project("{FAE04EC0-301F-11D3-BF4B-00C04F79EFBC}") = "Homeless.UnitTests", "src\API\Homeless.Tests\Homeless.UnitTests\Homeless.UnitTests.csproj", "{71C55D7F-7588-4CDA-8E4D-C8FDA606A723}"
EndProject
Project("{FAE04EC0-301F-11D3-BF4B-00C04F79EFBC}") = "Homeless.IntegrationTests", "src\API\Homeless.Tests\Homeless.IntegrationTests\Homeless.IntegrationTests.csproj", "{D4894D66-60BD-4188-BC45-D1578343834D}"
EndProject
Global
	GlobalSection(SolutionConfigurationPlatforms) = preSolution
		Debug|Any CPU = Debug|Any CPU
		Debug|x64 = Debug|x64
		Debug|x86 = Debug|x86
		Release|Any CPU = Release|Any CPU
		Release|x64 = Release|x64
		Release|x86 = Release|x86
	EndGlobalSection
	GlobalSection(ProjectConfigurationPlatforms) = postSolution
		{F77BF8A6-59E8-40EE-8AA8-46E5729E7E38}.Debug|Any CPU.ActiveCfg = Debug|Any CPU
		{F77BF8A6-59E8-40EE-8AA8-46E5729E7E38}.Debug|Any CPU.Build.0 = Debug|Any CPU
		{F77BF8A6-59E8-40EE-8AA8-46E5729E7E38}.Debug|x64.ActiveCfg = Debug|Any CPU
		{F77BF8A6-59E8-40EE-8AA8-46E5729E7E38}.Debug|x64.Build.0 = Debug|Any CPU
		{F77BF8A6-59E8-40EE-8AA8-46E5729E7E38}.Debug|x86.ActiveCfg = Debug|Any CPU
		{F77BF8A6-59E8-40EE-8AA8-46E5729E7E38}.Debug|x86.Build.0 = Debug|Any CPU
		{F77BF8A6-59E8-40EE-8AA8-46E5729E7E38}.Release|Any CPU.ActiveCfg = Release|Any CPU
		{F77BF8A6-59E8-40EE-8AA8-46E5729E7E38}.Release|Any CPU.Build.0 = Release|Any CPU
		{F77BF8A6-59E8-40EE-8AA8-46E5729E7E38}.Release|x64.ActiveCfg = Release|Any CPU
		{F77BF8A6-59E8-40EE-8AA8-46E5729E7E38}.Release|x64.Build.0 = Release|Any CPU
		{F77BF8A6-59E8-40EE-8AA8-46E5729E7E38}.Release|x86.ActiveCfg = Release|Any CPU
		{F77BF8A6-59E8-40EE-8AA8-46E5729E7E38}.Release|x86.Build.0 = Release|Any CPU
		{A10D91AE-B4DD-48E3-9800-C1BE0095E308}.Debug|Any CPU.ActiveCfg = Debug|Any CPU
		{A10D91AE-B4DD-48E3-9800-C1BE0095E308}.Debug|Any CPU.Build.0 = Debug|Any CPU
		{A10D91AE-B4DD-48E3-9800-C1BE0095E308}.Debug|x64.ActiveCfg = Debug|Any CPU
		{A10D91AE-B4DD-48E3-9800-C1BE0095E308}.Debug|x64.Build.0 = Debug|Any CPU
		{A10D91AE-B4DD-48E3-9800-C1BE0095E308}.Debug|x86.ActiveCfg = Debug|Any CPU
		{A10D91AE-B4DD-48E3-9800-C1BE0095E308}.Debug|x86.Build.0 = Debug|Any CPU
		{A10D91AE-B4DD-48E3-9800-C1BE0095E308}.Release|Any CPU.ActiveCfg = Release|Any CPU
		{A10D91AE-B4DD-48E3-9800-C1BE0095E308}.Release|Any CPU.Build.0 = Release|Any CPU
		{A10D91AE-B4DD-48E3-9800-C1BE0095E308}.Release|x64.ActiveCfg = Release|Any CPU
		{A10D91AE-B4DD-48E3-9800-C1BE0095E308}.Release|x64.Build.0 = Release|Any CPU
		{A10D91AE-B4DD-48E3-9800-C1BE0095E308}.Release|x86.ActiveCfg = Release|Any CPU
		{A10D91AE-B4DD-48E3-9800-C1BE0095E308}.Release|x86.Build.0 = Release|Any CPU
		{BE85E46C-EB3B-461F-B50E-F752AAE05ADF}.Debug|Any CPU.ActiveCfg = Debug|Any CPU
		{BE85E46C-EB3B-461F-B50E-F752AAE05ADF}.Debug|Any CPU.Build.0 = Debug|Any CPU
		{BE85E46C-EB3B-461F-B50E-F752AAE05ADF}.Debug|x64.ActiveCfg = Debug|Any CPU
		{BE85E46C-EB3B-461F-B50E-F752AAE05ADF}.Debug|x64.Build.0 = Debug|Any CPU
		{BE85E46C-EB3B-461F-B50E-F752AAE05ADF}.Debug|x86.ActiveCfg = Debug|Any CPU
		{BE85E46C-EB3B-461F-B50E-F752AAE05ADF}.Debug|x86.Build.0 = Debug|Any CPU
		{BE85E46C-EB3B-461F-B50E-F752AAE05ADF}.Release|Any CPU.ActiveCfg = Release|Any CPU
		{BE85E46C-EB3B-461F-B50E-F752AAE05ADF}.Release|Any CPU.Build.0 = Release|Any CPU
		{BE85E46C-EB3B-461F-B50E-F752AAE05ADF}.Release|x64.ActiveCfg = Release|Any CPU
		{BE85E46C-EB3B-461F-B50E-F752AAE05ADF}.Release|x64.Build.0 = Release|Any CPU
		{BE85E46C-EB3B-461F-B50E-F752AAE05ADF}.Release|x86.ActiveCfg = Release|Any CPU
		{BE85E46C-EB3B-461F-B50E-F752AAE05ADF}.Release|x86.Build.0 = Release|Any CPU
		{DA370C31-197A-4B62-B292-A1F982335F03}.Debug|Any CPU.ActiveCfg = Debug|Any CPU
		{DA370C31-197A-4B62-B292-A1F982335F03}.Debug|Any CPU.Build.0 = Debug|Any CPU
		{DA370C31-197A-4B62-B292-A1F982335F03}.Debug|x64.ActiveCfg = Debug|Any CPU
		{DA370C31-197A-4B62-B292-A1F982335F03}.Debug|x64.Build.0 = Debug|Any CPU
		{DA370C31-197A-4B62-B292-A1F982335F03}.Debug|x86.ActiveCfg = Debug|Any CPU
		{DA370C31-197A-4B62-B292-A1F982335F03}.Debug|x86.Build.0 = Debug|Any CPU
		{DA370C31-197A-4B62-B292-A1F982335F03}.Release|Any CPU.ActiveCfg = Release|Any CPU
		{DA370C31-197A-4B62-B292-A1F982335F03}.Release|Any CPU.Build.0 = Release|Any CPU
		{DA370C31-197A-4B62-B292-A1F982335F03}.Release|x64.ActiveCfg = Release|Any CPU
		{DA370C31-197A-4B62-B292-A1F982335F03}.Release|x64.Build.0 = Release|Any CPU
		{DA370C31-197A-4B62-B292-A1F982335F03}.Release|x86.ActiveCfg = Release|Any CPU
		{DA370C31-197A-4B62-B292-A1F982335F03}.Release|x86.Build.0 = Release|Any CPU
		{C2E138D4-24D6-4ED8-91A4-B10A2A2D3E55}.Debug|Any CPU.ActiveCfg = Debug|Any CPU
		{C2E138D4-24D6-4ED8-91A4-B10A2A2D3E55}.Debug|Any CPU.Build.0 = Debug|Any CPU
		{C2E138D4-24D6-4ED8-91A4-B10A2A2D3E55}.Debug|x64.ActiveCfg = Debug|Any CPU
		{C2E138D4-24D6-4ED8-91A4-B10A2A2D3E55}.Debug|x64.Build.0 = Debug|Any CPU
		{C2E138D4-24D6-4ED8-91A4-B10A2A2D3E55}.Debug|x86.ActiveCfg = Debug|Any CPU
		{C2E138D4-24D6-4ED8-91A4-B10A2A2D3E55}.Debug|x86.Build.0 = Debug|Any CPU
		{C2E138D4-24D6-4ED8-91A4-B10A2A2D3E55}.Release|Any CPU.ActiveCfg = Release|Any CPU
		{C2E138D4-24D6-4ED8-91A4-B10A2A2D3E55}.Release|Any CPU.Build.0 = Release|Any CPU
		{C2E138D4-24D6-4ED8-91A4-B10A2A2D3E55}.Release|x64.ActiveCfg = Release|Any CPU
		{C2E138D4-24D6-4ED8-91A4-B10A2A2D3E55}.Release|x64.Build.0 = Release|Any CPU
		{C2E138D4-24D6-4ED8-91A4-B10A2A2D3E55}.Release|x86.ActiveCfg = Release|Any CPU
		{C2E138D4-24D6-4ED8-91A4-B10A2A2D3E55}.Release|x86.Build.0 = Release|Any CPU
		{71C55D7F-7588-4CDA-8E4D-C8FDA606A723}.Debug|Any CPU.ActiveCfg = Debug|Any CPU
		{71C55D7F-7588-4CDA-8E4D-C8FDA606A723}.Debug|Any CPU.Build.0 = Debug|Any CPU
		{71C55D7F-7588-4CDA-8E4D-C8FDA606A723}.Debug|x64.ActiveCfg = Debug|Any CPU
		{71C55D7F-7588-4CDA-8E4D-C8FDA606A723}.Debug|x64.Build.0 = Debug|Any CPU
		{71C55D7F-7588-4CDA-8E4D-C8FDA606A723}.Debug|x86.ActiveCfg = Debug|Any CPU
		{71C55D7F-7588-4CDA-8E4D-C8FDA606A723}.Debug|x86.Build.0 = Debug|Any CPU
		{71C55D7F-7588-4CDA-8E4D-C8FDA606A723}.Release|Any CPU.ActiveCfg = Release|Any CPU
		{71C55D7F-7588-4CDA-8E4D-C8FDA606A723}.Release|Any CPU.Build.0 = Release|Any CPU
		{71C55D7F-7588-4CDA-8E4D-C8FDA606A723}.Release|x64.ActiveCfg = Release|Any CPU
		{71C55D7F-7588-4CDA-8E4D-C8FDA606A723}.Release|x64.Build.0 = Release|Any CPU
		{71C55D7F-7588-4CDA-8E4D-C8FDA606A723}.Release|x86.ActiveCfg = Release|Any CPU
		{71C55D7F-7588-4CDA-8E4D-C8FDA606A723}.Release|x86.Build.0 = Release|Any CPU
		{D4894D66-60BD-4188-BC45-D1578343834D}.Debug|Any CPU.ActiveCfg = Debug|Any CPU
		{D4894D66-60BD-4188-BC45-D1578343834D}.Debug|Any CPU.Build.0 = Debug|Any CPU
		{D4894D66-60BD-4188-BC45-D1578343834D}.Debug|x64.ActiveCfg = Debug|Any CPU
		{D4894D66-60BD-4188-BC45-D1578343834D}.Debug|x64.Build.0 = Debug|Any CPU
		{D4894D66-60BD-4188-BC45-D1578343834D}.Debug|x86.ActiveCfg = Debug|Any CPU
		{D4894D66-60BD-4188-BC45-D1578343834D}.Debug|x86.Build.0 = Debug|Any CPU
		{D4894D66-60BD-4188-BC45-D1578343834D}.Release|Any CPU.ActiveCfg = Release|Any CPU
		{D4894D66-60BD-4188-BC45-D1578343834D}.Release|Any CPU.Build.0 = Release|Any CPU
		{D4894D66-60BD-4188-BC45-D1578343834D}.Release|x64.ActiveCfg = Release|Any CPU
		{D4894D66-60BD-4188-BC45-D1578343834D}.Release|x64.Build.0 = Release|Any CPU
		{D4894D66-60BD-4188-BC45-D1578343834D}.Release|x86.ActiveCfg = Release|Any CPU
		{D4894D66-60BD-4188-BC45-D1578343834D}.Release|x86.Build.0 = Release|Any CPU
	EndGlobalSection
	GlobalSection(SolutionProperties) = preSolution
		HideSolutionNode = FALSE
	EndGlobalSection
	GlobalSection(NestedProjects) = preSolution
		{F77BF8A6-59E8-40EE-8AA8-46E5729E7E38} = {A1B2C3D4-0001-0000-0000-000000000001}
		{A10D91AE-B4DD-48E3-9800-C1BE0095E308} = {A1B2C3D4-0001-0000-0000-000000000001}
		{BE85E46C-EB3B-461F-B50E-F752AAE05ADF} = {A1B2C3D4-0001-0000-0000-000000000001}
		{DA370C31-197A-4B62-B292-A1F982335F03} = {A1B2C3D4-0001-0000-0000-000000000001}
		{C2E138D4-24D6-4ED8-91A4-B10A2A2D3E55} = {A1B2C3D4-0001-0000-0000-000000000001}
		{71C55D7F-7588-4CDA-8E4D-C8FDA606A723} = {A1B2C3D4-0002-0000-0000-000000000001}
		{D4894D66-60BD-4188-BC45-D1578343834D} = {A1B2C3D4-0002-0000-0000-000000000001}
	EndGlobalSection
EndGlobal
